PODS:
  - Alamofire (4.8.2)
  - AlamofireObjectMapper (5.2.1):
    - Alamofire (~> 4.7)
    - ObjectMapper (~> 3.4)
  - ObjectMapper (3.5.2)
  - Reqres (3.1.0)

DEPENDENCIES:
  - Alamofire (~> 4.8.2)
  - AlamofireObjectMapper (~> 5.2)
  - ObjectMapper (~> 3.5.1)
  - Reqres

SPEC REPOS:
  trunk:
    - Alamofire
    - AlamofireObjectMapper
    - ObjectMapper
    - Reqres

SPEC CHECKSUMS:
  Alamofire: ae5c501addb7afdbb13687d7f2f722c78734c2d3
  AlamofireObjectMapper: 1989f690e982b71921b9253f53a4f33a9bc00d88
  ObjectMapper: b53ae947d370bf89423e86be7d4e2d2b2a8d3f40
  Reqres: da8d0497e660dc12c4db8285f30008c27c1800b7

PODFILE CHECKSUM: 40f71548841518641fcd035859003339ae56d994

COCOAPODS: 1.9.1
